
Microsoft Visual Studio Solution File, Format Version 12.00
# Visual Studio 15
VisualStudioVersion = 15.0.28307.329
MinimumVisualStudioVersion = 10.0.40219.1
Project("{FAE04EC0-301F-11D3-BF4B-00C04F79EFBC}") = "TesteDGCTemplate", "TesteDGCTemplate\TesteDGCTemplate.csproj", "{FEC63C90-006B-484D-9EDF-695D710ACB13}"
EndProject
Global
	GlobalSection(SolutionConfigurationPlatforms) = preSolution
		Debug|Any CPU = Debug|Any CPU
		Release|Any CPU = Release|Any CPU
	EndGlobalSection
	GlobalSection(ProjectConfigurationPlatforms) = postSolution
		{FEC63C90-006B-484D-9EDF-695D710ACB13}.Debug|Any CPU.ActiveCfg = Debug|Any CPU
		{FEC63C90-006B-484D-9EDF-695D710ACB13}.Debug|Any CPU.Build.0 = Debug|Any CPU
		{FEC63C90-006B-484D-9EDF-695D710ACB13}.Release|Any CPU.ActiveCfg = Release|Any CPU
		{FEC63C90-006B-484D-9EDF-695D710ACB13}.Release|Any CPU.Build.0 = Release|Any CPU
	EndGlobalSection
	GlobalSection(SolutionProperties) = preSolution
		HideSolutionNode = FALSE
	EndGlobalSection
	GlobalSection(ExtensibilityGlobals) = postSolution
		SolutionGuid = {FB991DA5-C5DB-4E6D-86F1-296BEC466655}
	EndGlobalSection
EndGlobal
